
Microsoft Visual Studio Solution File, Format Version 12.00
# Visual Studio 2013
VisualStudioVersion = 12.0.21005.1
MinimumVisualStudioVersion = 10.0.40219.1
Project("{FAE04EC0-301F-11D3-BF4B-00C04F79EFBC}") = "TestRailReport", "TestRailReport\TestRailReport.csproj", "{2E46936B-F027-4A41-9F16-E8DF650FCEA9}"
EndProject
Project("{FAE04EC0-301F-11D3-BF4B-00C04F79EFBC}") = "AutotestDesktop", "..\AutotestDesktop\AutotestDesktop\AutotestDesktop.csproj", "{0D7EF5B8-A38E-4797-A107-EDDAE1A59A24}"
EndProject
Global
	GlobalSection(SolutionConfigurationPlatforms) = preSolution
		Debug|Any CPU = Debug|Any CPU
		Release|Any CPU = Release|Any CPU
	EndGlobalSection
	GlobalSection(ProjectConfigurationPlatforms) = postSolution
		{2E46936B-F027-4A41-9F16-E8DF650FCEA9}.Debug|Any CPU.ActiveCfg = Debug|Any CPU
		{2E46936B-F027-4A41-9F16-E8DF650FCEA9}.Debug|Any CPU.Build.0 = Debug|Any CPU
		{2E46936B-F027-4A41-9F16-E8DF650FCEA9}.Release|Any CPU.ActiveCfg = Release|Any CPU
		{2E46936B-F027-4A41-9F16-E8DF650FCEA9}.Release|Any CPU.Build.0 = Release|Any CPU
		{0D7EF5B8-A38E-4797-A107-EDDAE1A59A24}.Debug|Any CPU.ActiveCfg = Debug|Any CPU
		{0D7EF5B8-A38E-4797-A107-EDDAE1A59A24}.Debug|Any CPU.Build.0 = Debug|Any CPU
		{0D7EF5B8-A38E-4797-A107-EDDAE1A59A24}.Release|Any CPU.ActiveCfg = Release|Any CPU
		{0D7EF5B8-A38E-4797-A107-EDDAE1A59A24}.Release|Any CPU.Build.0 = Release|Any CPU
	EndGlobalSection
	GlobalSection(SolutionProperties) = preSolution
		HideSolutionNode = FALSE
	EndGlobalSection
EndGlobal
